
Microsoft Visual Studio Solution File, Format Version 12.00
Project("{FAE04EC0-301F-11D3-BF4B-00C04F79EFBC}") = "TemplatesApi", "TemplatesApi\TemplatesApi.csproj", "{0C6028BF-6072-44A4-82F4-6790E35D57A4}"
EndProject
Project("{FAE04EC0-301F-11D3-BF4B-00C04F79EFBC}") = "TemplatesApi.Tests", "TemplatesApi.Tests\TemplatesApi.Tests.csproj", "{709F9F21-FFBE-477E-A379-353FD8FFCFCC}"
EndProject
Project("{2150E333-8FDC-42A3-9474-1A3956D46DE8}") = "Solution Items", "Solution Items", "{A0585B65-93EC-41C2-ADA7-CC5EAE22FFFE}"
	ProjectSection(SolutionItems) = preProject
		Directory.Build.targets = Directory.Build.targets
		.gitignore = .gitignore
	EndProjectSection
EndProject
Project("{FAE04EC0-301F-11D3-BF4B-00C04F79EFBC}") = "TemplatesApi.Data", "TemplatesApi.Data\TemplatesApi.Data.csproj", "{B9DB3630-22B4-42DB-8C66-3CEF1B3FDE90}"
EndProject
Global
	GlobalSection(SolutionConfigurationPlatforms) = preSolution
		Debug|Any CPU = Debug|Any CPU
		Release|Any CPU = Release|Any CPU
	EndGlobalSection
	GlobalSection(ProjectConfigurationPlatforms) = postSolution
		{0C6028BF-6072-44A4-82F4-6790E35D57A4}.Debug|Any CPU.ActiveCfg = Debug|Any CPU
		{0C6028BF-6072-44A4-82F4-6790E35D57A4}.Debug|Any CPU.Build.0 = Debug|Any CPU
		{0C6028BF-6072-44A4-82F4-6790E35D57A4}.Release|Any CPU.ActiveCfg = Release|Any CPU
		{0C6028BF-6072-44A4-82F4-6790E35D57A4}.Release|Any CPU.Build.0 = Release|Any CPU
		{709F9F21-FFBE-477E-A379-353FD8FFCFCC}.Debug|Any CPU.ActiveCfg = Debug|Any CPU
		{709F9F21-FFBE-477E-A379-353FD8FFCFCC}.Debug|Any CPU.Build.0 = Debug|Any CPU
		{709F9F21-FFBE-477E-A379-353FD8FFCFCC}.Release|Any CPU.ActiveCfg = Release|Any CPU
		{709F9F21-FFBE-477E-A379-353FD8FFCFCC}.Release|Any CPU.Build.0 = Release|Any CPU
		{B9DB3630-22B4-42DB-8C66-3CEF1B3FDE90}.Debug|Any CPU.ActiveCfg = Debug|Any CPU
		{B9DB3630-22B4-42DB-8C66-3CEF1B3FDE90}.Debug|Any CPU.Build.0 = Debug|Any CPU
		{B9DB3630-22B4-42DB-8C66-3CEF1B3FDE90}.Release|Any CPU.ActiveCfg = Release|Any CPU
		{B9DB3630-22B4-42DB-8C66-3CEF1B3FDE90}.Release|Any CPU.Build.0 = Release|Any CPU
	EndGlobalSection
EndGlobal
